
Microsoft Visual Studio Solution File, Format Version 12.00
# Visual Studio Version 17
VisualStudioVersion = 17.8.34511.84
MinimumVisualStudioVersion = 10.0.40219.1
Project("{FAE04EC0-301F-11D3-BF4B-00C04F79EFBC}") = "Number_Guessing_Game", "Number_Guessing_Game\Number_Guessing_Game.csproj", "{37E2D299-2FDF-42F4-B6EF-CBDC13B49AFC}"
EndProject
Global
	GlobalSection(SolutionConfigurationPlatforms) = preSolution
		Debug|Any CPU = Debug|Any CPU
		Release|Any CPU = Release|Any CPU
	EndGlobalSection
	GlobalSection(ProjectConfigurationPlatforms) = postSolution
		{37E2D299-2FDF-42F4-B6EF-CBDC13B49AFC}.Debug|Any CPU.ActiveCfg = Debug|Any CPU
		{37E2D299-2FDF-42F4-B6EF-CBDC13B49AFC}.Debug|Any CPU.Build.0 = Debug|Any CPU
		{37E2D299-2FDF-42F4-B6EF-CBDC13B49AFC}.Release|Any CPU.ActiveCfg = Release|Any CPU
		{37E2D299-2FDF-42F4-B6EF-CBDC13B49AFC}.Release|Any CPU.Build.0 = Release|Any CPU
	EndGlobalSection
	GlobalSection(SolutionProperties) = preSolution
		HideSolutionNode = FALSE
	EndGlobalSection
	GlobalSection(ExtensibilityGlobals) = postSolution
		SolutionGuid = {398475FF-E605-43E9-A1B1-3E57117ED8B5}
	EndGlobalSection
EndGlobal
